<?xml version="1.0" encoding="UTF-8"?>
<!DOCTYPE plist PUBLIC "-//Apple//DTD PLIST 1.0//EN" "http://www.apple.com/DTDs/PropertyList-1.0.dtd">
<plist version="1.0">
<dict>
	<key>archiveVersion</key>
	<string>1</string>
	<key>classes</key>
	<dict/>
	<key>objectVersion</key>
	<string>46</string>
	<key>objects</key>
	<dict>
		<key>20948AD21D70495BAE70A278</key>
		<dict>
			<key>explicitFileType</key>
			<string>archive.ar</string>
			<key>includeInIndex</key>
			<string>0</string>
			<key>isa</key>
			<string>PBXFileReference</string>
			<key>path</key>
			<string>libPods.a</string>
			<key>sourceTree</key>
			<string>BUILT_PRODUCTS_DIR</string>
		</dict>
		<key>2395391403134EB39CA3D1BA</key>
		<dict>
			<key>includeInIndex</key>
			<string>1</string>
			<key>isa</key>
			<string>PBXFileReference</string>
			<key>lastKnownFileType</key>
			<string>text.xcconfig</string>
			<key>name</key>
			<string>Pods.xcconfig</string>
			<key>path</key>
			<string>Pods/Pods.xcconfig</string>
			<key>sourceTree</key>
			<string>&lt;group&gt;</string>
		</dict>
		<key>2858DAF3A75A41B2A2BDA096</key>
		<dict>
			<key>buildActionMask</key>
			<string>2147483647</string>
			<key>files</key>
			<array/>
			<key>inputPaths</key>
			<array/>
			<key>isa</key>
			<string>PBXShellScriptBuildPhase</string>
			<key>name</key>
			<string>Copy Pods Resources</string>
			<key>outputPaths</key>
			<array/>
			<key>runOnlyForDeploymentPostprocessing</key>
			<string>0</string>
			<key>shellPath</key>
			<string>/bin/sh</string>
			<key>shellScript</key>
			<string>"${SRCROOT}/Pods/Pods-resources.sh"
</string>
			<key>showEnvVarsInLog</key>
			<string>0</string>
		</dict>
		<key>2DCBC6E33A304F9CAEE3F394</key>
		<dict>
			<key>fileRef</key>
			<string>20948AD21D70495BAE70A278</string>
			<key>isa</key>
			<string>PBXBuildFile</string>
		</dict>
		<key>74D7E1201929AC2100303EC0</key>
		<dict>
			<key>fileEncoding</key>
			<string>4</string>
			<key>isa</key>
			<string>PBXFileReference</string>
			<key>lastKnownFileType</key>
			<string>sourcecode.c.h</string>
			<key>path</key>
			<string>SCShapeView.h</string>
			<key>sourceTree</key>
			<string>&lt;group&gt;</string>
		</dict>
		<key>74D7E1211929AC2100303EC0</key>
		<dict>
			<key>fileEncoding</key>
			<string>4</string>
			<key>isa</key>
			<string>PBXFileReference</string>
			<key>lastKnownFileType</key>
			<string>sourcecode.c.objc</string>
			<key>path</key>
			<string>SCShapeView.m</string>
			<key>sourceTree</key>
			<string>&lt;group&gt;</string>
		</dict>
		<key>74D7E1221929AC2100303EC0</key>
		<dict>
			<key>fileRef</key>
			<string>74D7E1211929AC2100303EC0</string>
			<key>isa</key>
			<string>PBXBuildFile</string>
		</dict>
		<key>74D7E1231929AFCB00303EC0</key>
		<dict>
			<key>fileEncoding</key>
			<string>4</string>
			<key>isa</key>
			<string>PBXFileReference</string>
			<key>lastKnownFileType</key>
			<string>sourcecode.c.h</string>
			<key>path</key>
			<string>CEMemberList.h</string>
			<key>sourceTree</key>
			<string>&lt;group&gt;</string>
		</dict>
		<key>74D7E1241929AFCB00303EC0</key>
		<dict>
			<key>fileEncoding</key>
			<string>4</string>
			<key>isa</key>
			<string>PBXFileReference</string>
			<key>lastKnownFileType</key>
			<string>sourcecode.c.objc</string>
			<key>path</key>
			<string>CEMemberList.m</string>
			<key>sourceTree</key>
			<string>&lt;group&gt;</string>
		</dict>
		<key>74D7E1251929AFCB00303EC0</key>
		<dict>
			<key>fileRef</key>
			<string>74D7E1241929AFCB00303EC0</string>
			<key>isa</key>
			<string>PBXBuildFile</string>
		</dict>
		<key>74D7E1261929FEBF00303EC0</key>
		<dict>
			<key>fileEncoding</key>
			<string>4</string>
			<key>isa</key>
			<string>PBXFileReference</string>
			<key>lastKnownFileType</key>
			<string>sourcecode.c.h</string>
			<key>path</key>
			<string>CSDNReturnGesturnRecognizer.h</string>
			<key>sourceTree</key>
			<string>&lt;group&gt;</string>
		</dict>
		<key>74D7E1271929FEBF00303EC0</key>
		<dict>
			<key>fileEncoding</key>
			<string>4</string>
			<key>isa</key>
			<string>PBXFileReference</string>
			<key>lastKnownFileType</key>
			<string>sourcecode.c.objc</string>
			<key>path</key>
			<string>CSDNReturnGesturnRecognizer.m</string>
			<key>sourceTree</key>
			<string>&lt;group&gt;</string>
		</dict>
		<key>74D7E1281929FEBF00303EC0</key>
		<dict>
			<key>fileRef</key>
			<string>74D7E1271929FEBF00303EC0</string>
			<key>isa</key>
			<string>PBXBuildFile</string>
		</dict>
		<key>74D7E1291929FF3800303EC0</key>
		<dict>
			<key>fileEncoding</key>
			<string>4</string>
			<key>isa</key>
			<string>PBXFileReference</string>
			<key>lastKnownFileType</key>
			<string>sourcecode.c.h</string>
			<key>path</key>
			<string>UIView+FindUIViewController.h</string>
			<key>sourceTree</key>
			<string>&lt;group&gt;</string>
		</dict>
		<key>74D7E12A1929FF3800303EC0</key>
		<dict>
			<key>fileEncoding</key>
			<string>4</string>
			<key>isa</key>
			<string>PBXFileReference</string>
			<key>lastKnownFileType</key>
			<string>sourcecode.c.objc</string>
			<key>path</key>
			<string>UIView+FindUIViewController.m</string>
			<key>sourceTree</key>
			<string>&lt;group&gt;</string>
		</dict>
		<key>74D7E12B1929FF3800303EC0</key>
		<dict>
			<key>fileRef</key>
			<string>74D7E12A1929FF3800303EC0</string>
			<key>isa</key>
			<string>PBXBuildFile</string>
		</dict>
		<key>74E0244A1929A8A300BD3A9A</key>
		<dict>
			<key>children</key>
			<array>
				<string>74E0245C1929A8A300BD3A9A</string>
				<string>74E0247B1929A8A300BD3A9A</string>
				<string>74E024551929A8A300BD3A9A</string>
				<string>74E024541929A8A300BD3A9A</string>
				<string>2395391403134EB39CA3D1BA</string>
			</array>
			<key>isa</key>
			<string>PBXGroup</string>
			<key>sourceTree</key>
			<string>&lt;group&gt;</string>
		</dict>
		<key>74E0244B1929A8A300BD3A9A</key>
		<dict>
			<key>attributes</key>
			<dict>
				<key>CLASSPREFIX</key>
				<string>CE</string>
				<key>LastUpgradeCheck</key>
				<string>0510</string>
				<key>ORGANIZATIONNAME</key>
				<string>CSDN</string>
				<key>TargetAttributes</key>
				<dict>
					<key>74E024521929A8A300BD3A9A</key>
					<dict>
						<key>DevelopmentTeam</key>
						<string>REG92Q3Q5S</string>
					</dict>
					<key>74E024731929A8A300BD3A9A</key>
					<dict>
						<key>TestTargetID</key>
						<string>74E024521929A8A300BD3A9A</string>
					</dict>
				</dict>
			</dict>
			<key>buildConfigurationList</key>
			<string>74E0244E1929A8A300BD3A9A</string>
			<key>compatibilityVersion</key>
			<string>Xcode 3.2</string>
			<key>developmentRegion</key>
			<string>English</string>
			<key>hasScannedForEncodings</key>
			<string>0</string>
			<key>isa</key>
			<string>PBXProject</string>
			<key>knownRegions</key>
			<array>
				<string>en</string>
				<string>Base</string>
			</array>
			<key>mainGroup</key>
			<string>74E0244A1929A8A300BD3A9A</string>
			<key>productRefGroup</key>
			<string>74E024541929A8A300BD3A9A</string>
			<key>projectDirPath</key>
			<string></string>
			<key>projectReferences</key>
			<array/>
			<key>projectRoot</key>
			<string></string>
			<key>targets</key>
			<array>
				<string>74E024521929A8A300BD3A9A</string>
				<string>74E024731929A8A300BD3A9A</string>
			</array>
		</dict>
		<key>74E0244E1929A8A300BD3A9A</key>
		<dict>
			<key>buildConfigurations</key>
			<array>
				<string>74E024831929A8A300BD3A9A</string>
				<string>74E024841929A8A300BD3A9A</string>
			</array>
			<key>defaultConfigurationIsVisible</key>
			<string>0</string>
			<key>defaultConfigurationName</key>
			<string>Release</string>
			<key>isa</key>
			<string>XCConfigurationList</string>
		</dict>
		<key>74E0244F1929A8A300BD3A9A</key>
		<dict>
			<key>buildActionMask</key>
			<string>2147483647</string>
			<key>files</key>
			<array>
				<string>74E024671929A8A300BD3A9A</string>
				<string>74D7E12B1929FF3800303EC0</string>
				<string>74E024631929A8A300BD3A9A</string>
				<string>74D7E1221929AC2100303EC0</string>
				<string>74D7E1251929AFCB00303EC0</string>
				<string>74D7E1281929FEBF00303EC0</string>
				<string>74E0246D1929A8A300BD3A9A</string>
			</array>
			<key>isa</key>
			<string>PBXSourcesBuildPhase</string>
			<key>runOnlyForDeploymentPostprocessing</key>
			<string>0</string>
		</dict>
		<key>74E024501929A8A300BD3A9A</key>
		<dict>
			<key>buildActionMask</key>
			<string>2147483647</string>
			<key>files</key>
			<array>
				<string>74E024591929A8A300BD3A9A</string>
				<string>74E0245B1929A8A300BD3A9A</string>
				<string>74E024571929A8A300BD3A9A</string>
				<string>2DCBC6E33A304F9CAEE3F394</string>
			</array>
			<key>isa</key>
			<string>PBXFrameworksBuildPhase</string>
			<key>runOnlyForDeploymentPostprocessing</key>
			<string>0</string>
		</dict>
		<key>74E024511929A8A300BD3A9A</key>
		<dict>
			<key>buildActionMask</key>
			<string>2147483647</string>
			<key>files</key>
			<array>
				<string>74E0246F1929A8A300BD3A9A</string>
				<string>74E024611929A8A300BD3A9A</string>
				<string>74E0246A1929A8A300BD3A9A</string>
			</array>
			<key>isa</key>
			<string>PBXResourcesBuildPhase</string>
			<key>runOnlyForDeploymentPostprocessing</key>
			<string>0</string>
		</dict>
		<key>74E024521929A8A300BD3A9A</key>
		<dict>
			<key>buildConfigurationList</key>
			<string>74E024851929A8A300BD3A9A</string>
			<key>buildPhases</key>
			<array>
				<string>F359DD5CC25144A79FF9E1B3</string>
				<string>74E0244F1929A8A300BD3A9A</string>
				<string>74E024501929A8A300BD3A9A</string>
				<string>74E024511929A8A300BD3A9A</string>
				<string>2858DAF3A75A41B2A2BDA096</string>
			</array>
			<key>buildRules</key>
			<array/>
			<key>dependencies</key>
			<array/>
			<key>isa</key>
			<string>PBXNativeTarget</string>
			<key>name</key>
			<string>EventsSignIn</string>
			<key>productName</key>
			<string>EventsSignIn</string>
			<key>productReference</key>
			<string>74E024531929A8A300BD3A9A</string>
			<key>productType</key>
			<string>com.apple.product-type.application</string>
		</dict>
		<key>74E024531929A8A300BD3A9A</key>
		<dict>
			<key>explicitFileType</key>
			<string>wrapper.application</string>
			<key>includeInIndex</key>
			<string>0</string>
			<key>isa</key>
			<string>PBXFileReference</string>
			<key>path</key>
			<string>EventsSignIn.app</string>
			<key>sourceTree</key>
			<string>BUILT_PRODUCTS_DIR</string>
		</dict>
		<key>74E024541929A8A300BD3A9A</key>
		<dict>
			<key>children</key>
			<array>
				<string>74E024531929A8A300BD3A9A</string>
				<string>74E024741929A8A300BD3A9A</string>
			</array>
			<key>isa</key>
			<string>PBXGroup</string>
			<key>name</key>
			<string>Products</string>
			<key>sourceTree</key>
			<string>&lt;group&gt;</string>
		</dict>
		<key>74E024551929A8A300BD3A9A</key>
		<dict>
			<key>children</key>
			<array>
				<string>74E024561929A8A300BD3A9A</string>
				<string>74E024581929A8A300BD3A9A</string>
				<string>74E0245A1929A8A300BD3A9A</string>
				<string>74E024751929A8A300BD3A9A</string>
				<string>20948AD21D70495BAE70A278</string>
			</array>
			<key>isa</key>
			<string>PBXGroup</string>
			<key>name</key>
			<string>Frameworks</string>
			<key>sourceTree</key>
			<string>&lt;group&gt;</string>
		</dict>
		<key>74E024561929A8A300BD3A9A</key>
		<dict>
			<key>isa</key>
			<string>PBXFileReference</string>
			<key>lastKnownFileType</key>
			<string>wrapper.framework</string>
			<key>name</key>
			<string>Foundation.framework</string>
			<key>path</key>
			<string>System/Library/Frameworks/Foundation.framework</string>
			<key>sourceTree</key>
			<string>SDKROOT</string>
		</dict>
		<key>74E024571929A8A300BD3A9A</key>
		<dict>
			<key>fileRef</key>
			<string>74E024561929A8A300BD3A9A</string>
			<key>isa</key>
			<string>PBXBuildFile</string>
		</dict>
		<key>74E024581929A8A300BD3A9A</key>
		<dict>
			<key>isa</key>
			<string>PBXFileReference</string>
			<key>lastKnownFileType</key>
			<string>wrapper.framework</string>
			<key>name</key>
			<string>CoreGraphics.framework</string>
			<key>path</key>
			<string>System/Library/Frameworks/CoreGraphics.framework</string>
			<key>sourceTree</key>
			<string>SDKROOT</string>
		</dict>
		<key>74E024591929A8A300BD3A9A</key>
		<dict>
			<key>fileRef</key>
			<string>74E024581929A8A300BD3A9A</string>
			<key>isa</key>
			<string>PBXBuildFile</string>
		</dict>
		<key>74E0245A1929A8A300BD3A9A</key>
		<dict>
			<key>isa</key>
			<string>PBXFileReference</string>
			<key>lastKnownFileType</key>
			<string>wrapper.framework</string>
			<key>name</key>
			<string>UIKit.framework</string>
			<key>path</key>
			<string>System/Library/Frameworks/UIKit.framework</string>
			<key>sourceTree</key>
			<string>SDKROOT</string>
		</dict>
		<key>74E0245B1929A8A300BD3A9A</key>
		<dict>
			<key>fileRef</key>
			<string>74E0245A1929A8A300BD3A9A</string>
			<key>isa</key>
			<string>PBXBuildFile</string>
		</dict>
		<key>74E0245C1929A8A300BD3A9A</key>
		<dict>
			<key>children</key>
			<array>
				<string>74D7E1201929AC2100303EC0</string>
				<string>74D7E1211929AC2100303EC0</string>
				<string>74E024651929A8A300BD3A9A</string>
				<string>74E024661929A8A300BD3A9A</string>
				<string>74E024681929A8A300BD3A9A</string>
				<string>74E0246B1929A8A300BD3A9A</string>
				<string>74E0246C1929A8A300BD3A9A</string>
				<string>74D7E1261929FEBF00303EC0</string>
				<string>74D7E1271929FEBF00303EC0</string>
				<string>74D7E1291929FF3800303EC0</string>
				<string>74D7E12A1929FF3800303EC0</string>
				<string>74E0246E1929A8A300BD3A9A</string>
				<string>74E0245D1929A8A300BD3A9A</string>
				<string>74D7E1231929AFCB00303EC0</string>
				<string>74D7E1241929AFCB00303EC0</string>
			</array>
			<key>isa</key>
			<string>PBXGroup</string>
			<key>path</key>
			<string>EventsSignIn</string>
			<key>sourceTree</key>
			<string>&lt;group&gt;</string>
		</dict>
		<key>74E0245D1929A8A300BD3A9A</key>
		<dict>
			<key>children</key>
			<array>
				<string>74E0245E1929A8A300BD3A9A</string>
				<string>74E0245F1929A8A300BD3A9A</string>
				<string>74E024621929A8A300BD3A9A</string>
				<string>74E024641929A8A300BD3A9A</string>
			</array>
			<key>isa</key>
			<string>PBXGroup</string>
			<key>name</key>
			<string>Supporting Files</string>
			<key>sourceTree</key>
			<string>&lt;group&gt;</string>
		</dict>
		<key>74E0245E1929A8A300BD3A9A</key>
		<dict>
			<key>isa</key>
			<string>PBXFileReference</string>
			<key>lastKnownFileType</key>
			<string>text.plist.xml</string>
			<key>path</key>
			<string>EventsSignIn-Info.plist</string>
			<key>sourceTree</key>
			<string>&lt;group&gt;</string>
		</dict>
		<key>74E0245F1929A8A300BD3A9A</key>
		<dict>
			<key>children</key>
			<array>
				<string>74E024601929A8A300BD3A9A</string>
			</array>
			<key>isa</key>
			<string>PBXVariantGroup</string>
			<key>name</key>
			<string>InfoPlist.strings</string>
			<key>sourceTree</key>
			<string>&lt;group&gt;</string>
		</dict>
		<key>74E024601929A8A300BD3A9A</key>
		<dict>
			<key>isa</key>
			<string>PBXFileReference</string>
			<key>lastKnownFileType</key>
			<string>text.plist.strings</string>
			<key>name</key>
			<string>en</string>
			<key>path</key>
			<string>en.lproj/InfoPlist.strings</string>
			<key>sourceTree</key>
			<string>&lt;group&gt;</string>
		</dict>
		<key>74E024611929A8A300BD3A9A</key>
		<dict>
			<key>fileRef</key>
			<string>74E0245F1929A8A300BD3A9A</string>
			<key>isa</key>
			<string>PBXBuildFile</string>
		</dict>
		<key>74E024621929A8A300BD3A9A</key>
		<dict>
			<key>isa</key>
			<string>PBXFileReference</string>
			<key>lastKnownFileType</key>
			<string>sourcecode.c.objc</string>
			<key>path</key>
			<string>main.m</string>
			<key>sourceTree</key>
			<string>&lt;group&gt;</string>
		</dict>
		<key>74E024631929A8A300BD3A9A</key>
		<dict>
			<key>fileRef</key>
			<string>74E024621929A8A300BD3A9A</string>
			<key>isa</key>
			<string>PBXBuildFile</string>
		</dict>
		<key>74E024641929A8A300BD3A9A</key>
		<dict>
			<key>isa</key>
			<string>PBXFileReference</string>
			<key>lastKnownFileType</key>
			<string>sourcecode.c.h</string>
			<key>path</key>
			<string>EventsSignIn-Prefix.pch</string>
			<key>sourceTree</key>
			<string>&lt;group&gt;</string>
		</dict>
		<key>74E024651929A8A300BD3A9A</key>
		<dict>
			<key>isa</key>
			<string>PBXFileReference</string>
			<key>lastKnownFileType</key>
			<string>sourcecode.c.h</string>
			<key>path</key>
			<string>CEAppDelegate.h</string>
			<key>sourceTree</key>
			<string>&lt;group&gt;</string>
		</dict>
		<key>74E024661929A8A300BD3A9A</key>
		<dict>
			<key>isa</key>
			<string>PBXFileReference</string>
			<key>lastKnownFileType</key>
			<string>sourcecode.c.objc</string>
			<key>path</key>
			<string>CEAppDelegate.m</string>
			<key>sourceTree</key>
			<string>&lt;group&gt;</string>
		</dict>
		<key>74E024671929A8A300BD3A9A</key>
		<dict>
			<key>fileRef</key>
			<string>74E024661929A8A300BD3A9A</string>
			<key>isa</key>
			<string>PBXBuildFile</string>
		</dict>
		<key>74E024681929A8A300BD3A9A</key>
		<dict>
			<key>children</key>
			<array>
				<string>74E024691929A8A300BD3A9A</string>
			</array>
			<key>isa</key>
			<string>PBXVariantGroup</string>
			<key>name</key>
			<string>Main.storyboard</string>
			<key>sourceTree</key>
			<string>&lt;group&gt;</string>
		</dict>
		<key>74E024691929A8A300BD3A9A</key>
		<dict>
			<key>isa</key>
			<string>PBXFileReference</string>
			<key>lastKnownFileType</key>
			<string>file.storyboard</string>
			<key>name</key>
			<string>Base</string>
			<key>path</key>
			<string>Base.lproj/Main.storyboard</string>
			<key>sourceTree</key>
			<string>&lt;group&gt;</string>
		</dict>
		<key>74E0246A1929A8A300BD3A9A</key>
		<dict>
			<key>fileRef</key>
			<string>74E024681929A8A300BD3A9A</string>
			<key>isa</key>
			<string>PBXBuildFile</string>
		</dict>
		<key>74E0246B1929A8A300BD3A9A</key>
		<dict>
			<key>isa</key>
			<string>PBXFileReference</string>
			<key>lastKnownFileType</key>
			<string>sourcecode.c.h</string>
			<key>path</key>
			<string>CEViewController.h</string>
			<key>sourceTree</key>
			<string>&lt;group&gt;</string>
		</dict>
		<key>74E0246C1929A8A300BD3A9A</key>
		<dict>
			<key>isa</key>
			<string>PBXFileReference</string>
			<key>lastKnownFileType</key>
			<string>sourcecode.c.objc</string>
			<key>path</key>
			<string>CEViewController.m</string>
			<key>sourceTree</key>
			<string>&lt;group&gt;</string>
		</dict>
		<key>74E0246D1929A8A300BD3A9A</key>
		<dict>
			<key>fileRef</key>
			<string>74E0246C1929A8A300BD3A9A</string>
			<key>isa</key>
			<string>PBXBuildFile</string>
		</dict>
		<key>74E0246E1929A8A300BD3A9A</key>
		<dict>
			<key>isa</key>
			<string>PBXFileReference</string>
			<key>lastKnownFileType</key>
			<string>folder.assetcatalog</string>
			<key>path</key>
			<string>Images.xcassets</string>
			<key>sourceTree</key>
			<string>&lt;group&gt;</string>
		</dict>
		<key>74E0246F1929A8A300BD3A9A</key>
		<dict>
			<key>fileRef</key>
			<string>74E0246E1929A8A300BD3A9A</string>
			<key>isa</key>
			<string>PBXBuildFile</string>
		</dict>
		<key>74E024701929A8A300BD3A9A</key>
		<dict>
			<key>buildActionMask</key>
			<string>2147483647</string>
			<key>files</key>
			<array>
				<string>74E024821929A8A300BD3A9A</string>
			</array>
			<key>isa</key>
			<string>PBXSourcesBuildPhase</string>
			<key>runOnlyForDeploymentPostprocessing</key>
			<string>0</string>
		</dict>
		<key>74E024711929A8A300BD3A9A</key>
		<dict>
			<key>buildActionMask</key>
			<string>2147483647</string>
			<key>files</key>
			<array>
				<string>74E024761929A8A300BD3A9A</string>
				<string>74E024781929A8A300BD3A9A</string>
				<string>74E024771929A8A300BD3A9A</string>
			</array>
			<key>isa</key>
			<string>PBXFrameworksBuildPhase</string>
			<key>runOnlyForDeploymentPostprocessing</key>
			<string>0</string>
		</dict>
		<key>74E024721929A8A300BD3A9A</key>
		<dict>
			<key>buildActionMask</key>
			<string>2147483647</string>
			<key>files</key>
			<array>
				<string>74E024801929A8A300BD3A9A</string>
			</array>
			<key>isa</key>
			<string>PBXResourcesBuildPhase</string>
			<key>runOnlyForDeploymentPostprocessing</key>
			<string>0</string>
		</dict>
		<key>74E024731929A8A300BD3A9A</key>
		<dict>
			<key>buildConfigurationList</key>
			<string>74E024881929A8A300BD3A9A</string>
			<key>buildPhases</key>
			<array>
				<string>74E024701929A8A300BD3A9A</string>
				<string>74E024711929A8A300BD3A9A</string>
				<string>74E024721929A8A300BD3A9A</string>
			</array>
			<key>buildRules</key>
			<array/>
			<key>dependencies</key>
			<array>
				<string>74E0247A1929A8A300BD3A9A</string>
			</array>
			<key>isa</key>
			<string>PBXNativeTarget</string>
			<key>name</key>
			<string>EventsSignInTests</string>
			<key>productName</key>
			<string>EventsSignInTests</string>
			<key>productReference</key>
			<string>74E024741929A8A300BD3A9A</string>
			<key>productType</key>
			<string>com.apple.product-type.bundle.unit-test</string>
		</dict>
		<key>74E024741929A8A300BD3A9A</key>
		<dict>
			<key>explicitFileType</key>
			<string>wrapper.cfbundle</string>
			<key>includeInIndex</key>
			<string>0</string>
			<key>isa</key>
			<string>PBXFileReference</string>
			<key>path</key>
			<string>EventsSignInTests.xctest</string>
			<key>sourceTree</key>
			<string>BUILT_PRODUCTS_DIR</string>
		</dict>
		<key>74E024751929A8A300BD3A9A</key>
		<dict>
			<key>isa</key>
			<string>PBXFileReference</string>
			<key>lastKnownFileType</key>
			<string>wrapper.framework</string>
			<key>name</key>
			<string>XCTest.framework</string>
			<key>path</key>
			<string>Library/Frameworks/XCTest.framework</string>
			<key>sourceTree</key>
			<string>DEVELOPER_DIR</string>
		</dict>
		<key>74E024761929A8A300BD3A9A</key>
		<dict>
			<key>fileRef</key>
			<string>74E024751929A8A300BD3A9A</string>
			<key>isa</key>
			<string>PBXBuildFile</string>
		</dict>
		<key>74E024771929A8A300BD3A9A</key>
		<dict>
			<key>fileRef</key>
			<string>74E024561929A8A300BD3A9A</string>
			<key>isa</key>
			<string>PBXBuildFile</string>
		</dict>
		<key>74E024781929A8A300BD3A9A</key>
		<dict>
			<key>fileRef</key>
			<string>74E0245A1929A8A300BD3A9A</string>
			<key>isa</key>
			<string>PBXBuildFile</string>
		</dict>
		<key>74E024791929A8A300BD3A9A</key>
		<dict>
			<key>containerPortal</key>
			<string>74E0244B1929A8A300BD3A9A</string>
			<key>isa</key>
			<string>PBXContainerItemProxy</string>
			<key>proxyType</key>
			<string>1</string>
			<key>remoteGlobalIDString</key>
			<string>74E024521929A8A300BD3A9A</string>
			<key>remoteInfo</key>
			<string>EventsSignIn</string>
		</dict>
		<key>74E0247A1929A8A300BD3A9A</key>
		<dict>
			<key>isa</key>
			<string>PBXTargetDependency</string>
			<key>target</key>
			<string>74E024521929A8A300BD3A9A</string>
			<key>targetProxy</key>
			<string>74E024791929A8A300BD3A9A</string>
		</dict>
		<key>74E0247B1929A8A300BD3A9A</key>
		<dict>
			<key>children</key>
			<array>
				<string>74E024811929A8A300BD3A9A</string>
				<string>74E0247C1929A8A300BD3A9A</string>
			</array>
			<key>isa</key>
			<string>PBXGroup</string>
			<key>path</key>
			<string>EventsSignInTests</string>
			<key>sourceTree</key>
			<string>&lt;group&gt;</string>
		</dict>
		<key>74E0247C1929A8A300BD3A9A</key>
		<dict>
			<key>children</key>
			<array>
				<string>74E0247D1929A8A300BD3A9A</string>
				<string>74E0247E1929A8A300BD3A9A</string>
			</array>
			<key>isa</key>
			<string>PBXGroup</string>
			<key>name</key>
			<string>Supporting Files</string>
			<key>sourceTree</key>
			<string>&lt;group&gt;</string>
		</dict>
		<key>74E0247D1929A8A300BD3A9A</key>
		<dict>
			<key>isa</key>
			<string>PBXFileReference</string>
			<key>lastKnownFileType</key>
			<string>text.plist.xml</string>
			<key>path</key>
			<string>EventsSignInTests-Info.plist</string>
			<key>sourceTree</key>
			<string>&lt;group&gt;</string>
		</dict>
		<key>74E0247E1929A8A300BD3A9A</key>
		<dict>
			<key>children</key>
			<array>
				<string>74E0247F1929A8A300BD3A9A</string>
			</array>
			<key>isa</key>
			<string>PBXVariantGroup</string>
			<key>name</key>
			<string>InfoPlist.strings</string>
			<key>sourceTree</key>
			<string>&lt;group&gt;</string>
		</dict>
		<key>74E0247F1929A8A300BD3A9A</key>
		<dict>
			<key>isa</key>
			<string>PBXFileReference</string>
			<key>lastKnownFileType</key>
			<string>text.plist.strings</string>
			<key>name</key>
			<string>en</string>
			<key>path</key>
			<string>en.lproj/InfoPlist.strings</string>
			<key>sourceTree</key>
			<string>&lt;group&gt;</string>
		</dict>
		<key>74E024801929A8A300BD3A9A</key>
		<dict>
			<key>fileRef</key>
			<string>74E0247E1929A8A300BD3A9A</string>
			<key>isa</key>
			<string>PBXBuildFile</string>
		</dict>
		<key>74E024811929A8A300BD3A9A</key>
		<dict>
			<key>isa</key>
			<string>PBXFileReference</string>
			<key>lastKnownFileType</key>
			<string>sourcecode.c.objc</string>
			<key>path</key>
			<string>EventsSignInTests.m</string>
			<key>sourceTree</key>
			<string>&lt;group&gt;</string>
		</dict>
		<key>74E024821929A8A300BD3A9A</key>
		<dict>
			<key>fileRef</key>
			<string>74E024811929A8A300BD3A9A</string>
			<key>isa</key>
			<string>PBXBuildFile</string>
		</dict>
		<key>74E024831929A8A300BD3A9A</key>
		<dict>
			<key>buildSettings</key>
			<dict>
				<key>ALWAYS_SEARCH_USER_PATHS</key>
				<string>NO</string>
				<key>CLANG_CXX_LANGUAGE_STANDARD</key>
				<string>gnu++0x</string>
				<key>CLANG_CXX_LIBRARY</key>
				<string>libc++</string>
				<key>CLANG_ENABLE_MODULES</key>
				<string>YES</string>
				<key>CLANG_ENABLE_OBJC_ARC</key>
				<string>YES</string>
				<key>CLANG_WARN_BOOL_CONVERSION</key>
				<string>YES</string>
				<key>CLANG_WARN_CONSTANT_CONVERSION</key>
				<string>YES</string>
				<key>CLANG_WARN_DIRECT_OBJC_ISA_USAGE</key>
				<string>YES_ERROR</string>
				<key>CLANG_WARN_EMPTY_BODY</key>
				<string>YES</string>
				<key>CLANG_WARN_ENUM_CONVERSION</key>
				<string>YES</string>
				<key>CLANG_WARN_INT_CONVERSION</key>
				<string>YES</string>
				<key>CLANG_WARN_OBJC_ROOT_CLASS</key>
				<string>YES_ERROR</string>
				<key>CLANG_WARN__DUPLICATE_METHOD_MATCH</key>
				<string>YES</string>
				<key>CODE_SIGN_IDENTITY[sdk=iphoneos*]</key>
				<string>iPhone Developer</string>
				<key>COPY_PHASE_STRIP</key>
				<string>NO</string>
				<key>GCC_C_LANGUAGE_STANDARD</key>
				<string>gnu99</string>
				<key>GCC_DYNAMIC_NO_PIC</key>
				<string>NO</string>
				<key>GCC_OPTIMIZATION_LEVEL</key>
				<string>0</string>
				<key>GCC_PREPROCESSOR_DEFINITIONS</key>
				<array>
					<string>DEBUG=1</string>
					<string>$(inherited)</string>
				</array>
				<key>GCC_SYMBOLS_PRIVATE_EXTERN</key>
				<string>NO</string>
				<key>GCC_WARN_64_TO_32_BIT_CONVERSION</key>
				<string>YES</string>
				<key>GCC_WARN_ABOUT_RETURN_TYPE</key>
				<string>YES_ERROR</string>
				<key>GCC_WARN_UNDECLARED_SELECTOR</key>
				<string>YES</string>
				<key>GCC_WARN_UNINITIALIZED_AUTOS</key>
				<string>YES_AGGRESSIVE</string>
				<key>GCC_WARN_UNUSED_FUNCTION</key>
				<string>YES</string>
				<key>GCC_WARN_UNUSED_VARIABLE</key>
				<string>YES</string>
				<key>IPHONEOS_DEPLOYMENT_TARGET</key>
				<string>7.1</string>
				<key>ONLY_ACTIVE_ARCH</key>
				<string>YES</string>
				<key>SDKROOT</key>
				<string>iphoneos</string>
			</dict>
			<key>isa</key>
			<string>XCBuildConfiguration</string>
			<key>name</key>
			<string>Debug</string>
		</dict>
		<key>74E024841929A8A300BD3A9A</key>
		<dict>
			<key>buildSettings</key>
			<dict>
				<key>ALWAYS_SEARCH_USER_PATHS</key>
				<string>NO</string>
				<key>CLANG_CXX_LANGUAGE_STANDARD</key>
				<string>gnu++0x</string>
				<key>CLANG_CXX_LIBRARY</key>
				<string>libc++</string>
				<key>CLANG_ENABLE_MODULES</key>
				<string>YES</string>
				<key>CLANG_ENABLE_OBJC_ARC</key>
				<string>YES</string>
				<key>CLANG_WARN_BOOL_CONVERSION</key>
				<string>YES</string>
				<key>CLANG_WARN_CONSTANT_CONVERSION</key>
				<string>YES</string>
				<key>CLANG_WARN_DIRECT_OBJC_ISA_USAGE</key>
				<string>YES_ERROR</string>
				<key>CLANG_WARN_EMPTY_BODY</key>
				<string>YES</string>
				<key>CLANG_WARN_ENUM_CONVERSION</key>
				<string>YES</string>
				<key>CLANG_WARN_INT_CONVERSION</key>
				<string>YES</string>
				<key>CLANG_WARN_OBJC_ROOT_CLASS</key>
				<string>YES_ERROR</string>
				<key>CLANG_WARN__DUPLICATE_METHOD_MATCH</key>
				<string>YES</string>
				<key>CODE_SIGN_IDENTITY[sdk=iphoneos*]</key>
				<string>iPhone Developer</string>
				<key>COPY_PHASE_STRIP</key>
				<string>YES</string>
				<key>ENABLE_NS_ASSERTIONS</key>
				<string>NO</string>
				<key>GCC_C_LANGUAGE_STANDARD</key>
				<string>gnu99</string>
				<key>GCC_WARN_64_TO_32_BIT_CONVERSION</key>
				<string>YES</string>
				<key>GCC_WARN_ABOUT_RETURN_TYPE</key>
				<string>YES_ERROR</string>
				<key>GCC_WARN_UNDECLARED_SELECTOR</key>
				<string>YES</string>
				<key>GCC_WARN_UNINITIALIZED_AUTOS</key>
				<string>YES_AGGRESSIVE</string>
				<key>GCC_WARN_UNUSED_FUNCTION</key>
				<string>YES</string>
				<key>GCC_WARN_UNUSED_VARIABLE</key>
				<string>YES</string>
				<key>IPHONEOS_DEPLOYMENT_TARGET</key>
				<string>7.1</string>
				<key>SDKROOT</key>
				<string>iphoneos</string>
				<key>VALIDATE_PRODUCT</key>
				<string>YES</string>
			</dict>
			<key>isa</key>
			<string>XCBuildConfiguration</string>
			<key>name</key>
			<string>Release</string>
		</dict>
		<key>74E024851929A8A300BD3A9A</key>
		<dict>
			<key>buildConfigurations</key>
			<array>
				<string>74E024861929A8A300BD3A9A</string>
				<string>74E024871929A8A300BD3A9A</string>
			</array>
			<key>defaultConfigurationIsVisible</key>
			<string>0</string>
			<key>defaultConfigurationName</key>
			<string>Release</string>
			<key>isa</key>
			<string>XCConfigurationList</string>
		</dict>
		<key>74E024861929A8A300BD3A9A</key>
		<dict>
			<key>baseConfigurationReference</key>
			<string>2395391403134EB39CA3D1BA</string>
			<key>buildSettings</key>
			<dict>
				<key>ASSETCATALOG_COMPILER_APPICON_NAME</key>
				<string>AppIcon</string>
				<key>ASSETCATALOG_COMPILER_LAUNCHIMAGE_NAME</key>
				<string>LaunchImage</string>
				<key>CODE_SIGN_IDENTITY</key>
				<string>iPhone Developer</string>
				<key>GCC_PRECOMPILE_PREFIX_HEADER</key>
				<string>YES</string>
				<key>GCC_PREFIX_HEADER</key>
				<string>EventsSignIn/EventsSignIn-Prefix.pch</string>
				<key>INFOPLIST_FILE</key>
				<string>EventsSignIn/EventsSignIn-Info.plist</string>
				<key>IPHONEOS_DEPLOYMENT_TARGET</key>
				<string>7.0</string>
				<key>PRODUCT_NAME</key>
				<string>$(TARGET_NAME)</string>
				<key>WRAPPER_EXTENSION</key>
				<string>app</string>
			</dict>
			<key>isa</key>
			<string>XCBuildConfiguration</string>
			<key>name</key>
			<string>Debug</string>
		</dict>
		<key>74E024871929A8A300BD3A9A</key>
		<dict>
			<key>baseConfigurationReference</key>
			<string>2395391403134EB39CA3D1BA</string>
			<key>buildSettings</key>
			<dict>
				<key>ASSETCATALOG_COMPILER_APPICON_NAME</key>
				<string>AppIcon</string>
				<key>ASSETCATALOG_COMPILER_LAUNCHIMAGE_NAME</key>
				<string>LaunchImage</string>
				<key>CODE_SIGN_IDENTITY</key>
				<string>iPhone Developer</string>
				<key>GCC_PRECOMPILE_PREFIX_HEADER</key>
				<string>YES</string>
				<key>GCC_PREFIX_HEADER</key>
				<string>EventsSignIn/EventsSignIn-Prefix.pch</string>
				<key>INFOPLIST_FILE</key>
				<string>EventsSignIn/EventsSignIn-Info.plist</string>
				<key>IPHONEOS_DEPLOYMENT_TARGET</key>
				<string>7.0</string>
				<key>PRODUCT_NAME</key>
				<string>$(TARGET_NAME)</string>
				<key>WRAPPER_EXTENSION</key>
				<string>app</string>
			</dict>
			<key>isa</key>
			<string>XCBuildConfiguration</string>
			<key>name</key>
			<string>Release</string>
		</dict>
		<key>74E024881929A8A300BD3A9A</key>
		<dict>
			<key>buildConfigurations</key>
			<array>
				<string>74E024891929A8A300BD3A9A</string>
				<string>74E0248A1929A8A300BD3A9A</string>
			</array>
			<key>defaultConfigurationIsVisible</key>
			<string>0</string>
			<key>defaultConfigurationName</key>
			<string>Release</string>
			<key>isa</key>
			<string>XCConfigurationList</string>
		</dict>
		<key>74E024891929A8A300BD3A9A</key>
		<dict>
			<key>buildSettings</key>
			<dict>
				<key>BUNDLE_LOADER</key>
				<string>$(BUILT_PRODUCTS_DIR)/EventsSignIn.app/EventsSignIn</string>
				<key>FRAMEWORK_SEARCH_PATHS</key>
				<array>
					<string>$(SDKROOT)/Developer/Library/Frameworks</string>
					<string>$(inherited)</string>
					<string>$(DEVELOPER_FRAMEWORKS_DIR)</string>
				</array>
				<key>GCC_PRECOMPILE_PREFIX_HEADER</key>
				<string>YES</string>
				<key>GCC_PREFIX_HEADER</key>
				<string>EventsSignIn/EventsSignIn-Prefix.pch</string>
				<key>GCC_PREPROCESSOR_DEFINITIONS</key>
				<array>
					<string>DEBUG=1</string>
					<string>$(inherited)</string>
				</array>
				<key>INFOPLIST_FILE</key>
				<string>EventsSignInTests/EventsSignInTests-Info.plist</string>
				<key>PRODUCT_NAME</key>
				<string>$(TARGET_NAME)</string>
				<key>TEST_HOST</key>
				<string>$(BUNDLE_LOADER)</string>
				<key>WRAPPER_EXTENSION</key>
				<string>xctest</string>
			</dict>
			<key>isa</key>
			<string>XCBuildConfiguration</string>
			<key>name</key>
			<string>Debug</string>
		</dict>
		<key>74E0248A1929A8A300BD3A9A</key>
		<dict>
			<key>buildSettings</key>
			<dict>
				<key>BUNDLE_LOADER</key>
				<string>$(BUILT_PRODUCTS_DIR)/EventsSignIn.app/EventsSignIn</string>
				<key>FRAMEWORK_SEARCH_PATHS</key>
				<array>
					<string>$(SDKROOT)/Developer/Library/Frameworks</string>
					<string>$(inherited)</string>
					<string>$(DEVELOPER_FRAMEWORKS_DIR)</string>
				</array>
				<key>GCC_PRECOMPILE_PREFIX_HEADER</key>
				<string>YES</string>
				<key>GCC_PREFIX_HEADER</key>
				<string>EventsSignIn/EventsSignIn-Prefix.pch</string>
				<key>INFOPLIST_FILE</key>
				<string>EventsSignInTests/EventsSignInTests-Info.plist</string>
				<key>PRODUCT_NAME</key>
				<string>$(TARGET_NAME)</string>
				<key>TEST_HOST</key>
				<string>$(BUNDLE_LOADER)</string>
				<key>WRAPPER_EXTENSION</key>
				<string>xctest</string>
			</dict>
			<key>isa</key>
			<string>XCBuildConfiguration</string>
			<key>name</key>
			<string>Release</string>
		</dict>
		<key>F359DD5CC25144A79FF9E1B3</key>
		<dict>
			<key>buildActionMask</key>
			<string>2147483647</string>
			<key>files</key>
			<array/>
			<key>inputPaths</key>
			<array/>
			<key>isa</key>
			<string>PBXShellScriptBuildPhase</string>
			<key>name</key>
			<string>Check Pods Manifest.lock</string>
			<key>outputPaths</key>
			<array/>
			<key>runOnlyForDeploymentPostprocessing</key>
			<string>0</string>
			<key>shellPath</key>
			<string>/bin/sh</string>
			<key>shellScript</key>
			<string>diff "${PODS_ROOT}/../Podfile.lock" "${PODS_ROOT}/Manifest.lock" &gt; /dev/null
if [[ $? != 0 ]] ; then
    cat &lt;&lt; EOM
error: The sandbox is not in sync with the Podfile.lock. Run 'pod install' or update your CocoaPods installation.
EOM
    exit 1
fi
</string>
			<key>showEnvVarsInLog</key>
			<string>0</string>
		</dict>
	</dict>
	<key>rootObject</key>
	<string>74E0244B1929A8A300BD3A9A</string>
</dict>
</plist>
